
Microsoft Visual Studio Solution File, Format Version 12.00
# Visual Studio 2013
VisualStudioVersion = 12.0.31101.0
MinimumVisualStudioVersion = 10.0.40219.1
Project("{FAE04EC0-301F-11D3-BF4B-00C04F79EFBC}") = "SolutionName.Web", "SolutionName.Web\SolutionName.Web.csproj", "{7A5EB260-C2AA-4002-AE27-65B1759BB6E6}"
EndProject
Project("{FAE04EC0-301F-11D3-BF4B-00C04F79EFBC}") = "SolutionName.Model", "SolutionName.Model\SolutionName.Model.csproj", "{0B40D3BC-05D5-4539-87C4-C6C521D4B4D7}"
EndProject
Project("{FAE04EC0-301F-11D3-BF4B-00C04F79EFBC}") = "SolutionName.DataLayer", "SolutionName.DataLayer\SolutionName.DataLayer.csproj", "{0AE23D02-CBCC-423E-8850-BCAAF7982B57}"
EndProject
Project("{2150E333-8FDC-42A3-9474-1A3956D46DE8}") = ".nuget", ".nuget", "{C454C903-7245-46EB-85C0-DBD508FDC09F}"
	ProjectSection(SolutionItems) = preProject
		.nuget\NuGet.Config = .nuget\NuGet.Config
		.nuget\NuGet.exe = .nuget\NuGet.exe
		.nuget\NuGet.targets = .nuget\NuGet.targets
	EndProjectSection
EndProject
Global
	GlobalSection(SolutionConfigurationPlatforms) = preSolution
		Debug|Any CPU = Debug|Any CPU
		Release|Any CPU = Release|Any CPU
	EndGlobalSection
	GlobalSection(ProjectConfigurationPlatforms) = postSolution
		{7A5EB260-C2AA-4002-AE27-65B1759BB6E6}.Debug|Any CPU.ActiveCfg = Debug|Any CPU
		{7A5EB260-C2AA-4002-AE27-65B1759BB6E6}.Debug|Any CPU.Build.0 = Debug|Any CPU
		{7A5EB260-C2AA-4002-AE27-65B1759BB6E6}.Release|Any CPU.ActiveCfg = Release|Any CPU
		{7A5EB260-C2AA-4002-AE27-65B1759BB6E6}.Release|Any CPU.Build.0 = Release|Any CPU
		{0B40D3BC-05D5-4539-87C4-C6C521D4B4D7}.Debug|Any CPU.ActiveCfg = Debug|Any CPU
		{0B40D3BC-05D5-4539-87C4-C6C521D4B4D7}.Debug|Any CPU.Build.0 = Debug|Any CPU
		{0B40D3BC-05D5-4539-87C4-C6C521D4B4D7}.Release|Any CPU.ActiveCfg = Release|Any CPU
		{0B40D3BC-05D5-4539-87C4-C6C521D4B4D7}.Release|Any CPU.Build.0 = Release|Any CPU
		{0AE23D02-CBCC-423E-8850-BCAAF7982B57}.Debug|Any CPU.ActiveCfg = Debug|Any CPU
		{0AE23D02-CBCC-423E-8850-BCAAF7982B57}.Debug|Any CPU.Build.0 = Debug|Any CPU
		{0AE23D02-CBCC-423E-8850-BCAAF7982B57}.Release|Any CPU.ActiveCfg = Release|Any CPU
		{0AE23D02-CBCC-423E-8850-BCAAF7982B57}.Release|Any CPU.Build.0 = Release|Any CPU
	EndGlobalSection
	GlobalSection(SolutionProperties) = preSolution
		HideSolutionNode = FALSE
	EndGlobalSection
EndGlobal
